
Microsoft Visual Studio Solution File, Format Version 12.00
# Visual Studio Version 17
VisualStudioVersion = 17.5.33516.290
MinimumVisualStudioVersion = 10.0.40219.1
Project("{FAE04EC0-301F-11D3-BF4B-00C04F79EFBC}") = "ExercicioOrientacaoAObjetos_2", "ExercicioOrientacaoAObjetos_2\ExercicioOrientacaoAObjetos_2.csproj", "{51268F48-7A4A-4719-8DB7-6B8612B83E88}"
EndProject
Global
	GlobalSection(SolutionConfigurationPlatforms) = preSolution
		Debug|Any CPU = Debug|Any CPU
		Release|Any CPU = Release|Any CPU
	EndGlobalSection
	GlobalSection(ProjectConfigurationPlatforms) = postSolution
		{51268F48-7A4A-4719-8DB7-6B8612B83E88}.Debug|Any CPU.ActiveCfg = Debug|Any CPU
		{51268F48-7A4A-4719-8DB7-6B8612B83E88}.Debug|Any CPU.Build.0 = Debug|Any CPU
		{51268F48-7A4A-4719-8DB7-6B8612B83E88}.Release|Any CPU.ActiveCfg = Release|Any CPU
		{51268F48-7A4A-4719-8DB7-6B8612B83E88}.Release|Any CPU.Build.0 = Release|Any CPU
	EndGlobalSection
	GlobalSection(SolutionProperties) = preSolution
		HideSolutionNode = FALSE
	EndGlobalSection
	GlobalSection(ExtensibilityGlobals) = postSolution
		SolutionGuid = {B6F0A565-8E83-4426-B335-8A9D23C90497}
	EndGlobalSection
EndGlobal
