
Microsoft Visual Studio Solution File, Format Version 12.00
# Visual Studio Version 17
VisualStudioVersion = 17.5.33516.290
MinimumVisualStudioVersion = 10.0.40219.1
Project("{FAE04EC0-301F-11D3-BF4B-00C04F79EFBC}") = "EntradaDeDados", "EntradaDeDados\EntradaDeDados.csproj", "{13DA9C20-DFE5-4F4A-916F-A2496D7C4072}"
EndProject
Global
	GlobalSection(SolutionConfigurationPlatforms) = preSolution
		Debug|Any CPU = Debug|Any CPU
		Release|Any CPU = Release|Any CPU
	EndGlobalSection
	GlobalSection(ProjectConfigurationPlatforms) = postSolution
		{13DA9C20-DFE5-4F4A-916F-A2496D7C4072}.Debug|Any CPU.ActiveCfg = Debug|Any CPU
		{13DA9C20-DFE5-4F4A-916F-A2496D7C4072}.Debug|Any CPU.Build.0 = Debug|Any CPU
		{13DA9C20-DFE5-4F4A-916F-A2496D7C4072}.Release|Any CPU.ActiveCfg = Release|Any CPU
		{13DA9C20-DFE5-4F4A-916F-A2496D7C4072}.Release|Any CPU.Build.0 = Release|Any CPU
	EndGlobalSection
	GlobalSection(SolutionProperties) = preSolution
		HideSolutionNode = FALSE
	EndGlobalSection
	GlobalSection(ExtensibilityGlobals) = postSolution
		SolutionGuid = {ED28E7A8-9E97-4071-AD7C-EDF1295CA28F}
	EndGlobalSection
EndGlobal
