
Microsoft Visual Studio Solution File, Format Version 12.00
# Visual Studio Version 17
VisualStudioVersion = 17.5.33516.290
MinimumVisualStudioVersion = 10.0.40219.1
Project("{FAE04EC0-301F-11D3-BF4B-00C04F79EFBC}") = "PrimeiroExemploAutoproperties", "PrimeiroExemploAutoproperties\PrimeiroExemploAutoproperties.csproj", "{A1125426-CFAE-4DA7-9FDE-FC4E4964973B}"
EndProject
Global
	GlobalSection(SolutionConfigurationPlatforms) = preSolution
		Debug|Any CPU = Debug|Any CPU
		Release|Any CPU = Release|Any CPU
	EndGlobalSection
	GlobalSection(ProjectConfigurationPlatforms) = postSolution
		{A1125426-CFAE-4DA7-9FDE-FC4E4964973B}.Debug|Any CPU.ActiveCfg = Debug|Any CPU
		{A1125426-CFAE-4DA7-9FDE-FC4E4964973B}.Debug|Any CPU.Build.0 = Debug|Any CPU
		{A1125426-CFAE-4DA7-9FDE-FC4E4964973B}.Release|Any CPU.ActiveCfg = Release|Any CPU
		{A1125426-CFAE-4DA7-9FDE-FC4E4964973B}.Release|Any CPU.Build.0 = Release|Any CPU
	EndGlobalSection
	GlobalSection(SolutionProperties) = preSolution
		HideSolutionNode = FALSE
	EndGlobalSection
	GlobalSection(ExtensibilityGlobals) = postSolution
		SolutionGuid = {763EF012-004F-49E1-AE53-3117D6B7163D}
	EndGlobalSection
EndGlobal
