
Microsoft Visual Studio Solution File, Format Version 12.00
# Visual Studio Version 17
VisualStudioVersion = 17.5.33516.290
MinimumVisualStudioVersion = 10.0.40219.1
Project("{FAE04EC0-301F-11D3-BF4B-00C04F79EFBC}") = "ExercicioOrientacaoAObjetos_3", "ExercicioOrientacaoAObjetos_3\ExercicioOrientacaoAObjetos_3.csproj", "{8091D8D0-7B6A-4726-A0A8-7673134B9798}"
EndProject
Global
	GlobalSection(SolutionConfigurationPlatforms) = preSolution
		Debug|Any CPU = Debug|Any CPU
		Release|Any CPU = Release|Any CPU
	EndGlobalSection
	GlobalSection(ProjectConfigurationPlatforms) = postSolution
		{8091D8D0-7B6A-4726-A0A8-7673134B9798}.Debug|Any CPU.ActiveCfg = Debug|Any CPU
		{8091D8D0-7B6A-4726-A0A8-7673134B9798}.Debug|Any CPU.Build.0 = Debug|Any CPU
		{8091D8D0-7B6A-4726-A0A8-7673134B9798}.Release|Any CPU.ActiveCfg = Release|Any CPU
		{8091D8D0-7B6A-4726-A0A8-7673134B9798}.Release|Any CPU.Build.0 = Release|Any CPU
	EndGlobalSection
	GlobalSection(SolutionProperties) = preSolution
		HideSolutionNode = FALSE
	EndGlobalSection
	GlobalSection(ExtensibilityGlobals) = postSolution
		SolutionGuid = {0A43885A-E32D-4C02-9366-16EC894931EA}
	EndGlobalSection
EndGlobal
